
Microsoft Visual Studio Solution File, Format Version 12.00
# Visual Studio 2013
VisualStudioVersion = 12.0.31101.0
MinimumVisualStudioVersion = 10.0.40219.1
Project("{FAE04EC0-301F-11D3-BF4B-00C04F79EFBC}") = "Encapsulamento", "Encapsulamento\Encapsulamento.csproj", "{CF86DB0A-EC3E-40D6-8ADE-4F9B1C997121}"
EndProject
Global
	GlobalSection(SolutionConfigurationPlatforms) = preSolution
		Debug|Any CPU = Debug|Any CPU
		Release|Any CPU = Release|Any CPU
	EndGlobalSection
	GlobalSection(ProjectConfigurationPlatforms) = postSolution
		{CF86DB0A-EC3E-40D6-8ADE-4F9B1C997121}.Debug|Any CPU.ActiveCfg = Debug|Any CPU
		{CF86DB0A-EC3E-40D6-8ADE-4F9B1C997121}.Debug|Any CPU.Build.0 = Debug|Any CPU
		{CF86DB0A-EC3E-40D6-8ADE-4F9B1C997121}.Release|Any CPU.ActiveCfg = Release|Any CPU
		{CF86DB0A-EC3E-40D6-8ADE-4F9B1C997121}.Release|Any CPU.Build.0 = Release|Any CPU
	EndGlobalSection
	GlobalSection(SolutionProperties) = preSolution
		HideSolutionNode = FALSE
	EndGlobalSection
EndGlobal
